# This file is generated by running "yarn install" inside your project.
# Manual changes might be lost - proceed with caution!

__metadata:
  version: 6
  cacheKey: 8

"@types/node@npm:*":
  version: 20.10.8
  resolution: "@types/node@npm:20.10.8"
  dependencies:
    undici-types: ~5.26.4
  checksum: ce9b7ee545b3605f667be2ea900e38ab58d7b561192a7342443e5d7f61c44fd9d016eac48e95d3011f090ceea65a727e83a31d51fabdd9fc20ff9992edcbc682
  languageName: node
  linkType: hard

"@types/prop-types@npm:*":
  version: 15.7.11
  resolution: "@types/prop-types@npm:15.7.11"
  checksum: 7519ff11d06fbf6b275029fe03fff9ec377b4cb6e864cac34d87d7146c7f5a7560fd164bdc1d2dbe00b60c43713631251af1fd3d34d46c69cd354602bc0c7c54
  languageName: node
  linkType: hard

"@types/react-dom@npm:^18.2.18":
  version: 18.2.18
  resolution: "@types/react-dom@npm:18.2.18"
  dependencies:
    "@types/react": "*"
  checksum: 8e3da404c980e2b2a76da3852f812ea6d8b9d0e7f5923fbaf3bfbbbfa1d59116ff91c129de8f68e9b7668a67ae34484fe9df74d5a7518cf8591ec07a0c4dad57
  languageName: node
  linkType: hard

"@types/react-reconciler@npm:^0.28.8":
  version: 0.28.8
  resolution: "@types/react-reconciler@npm:0.28.8"
  dependencies:
    "@types/react": "*"
  checksum: 14565638bb34443212738f4dd2e3c9ebccfb5b42e3e94e50feef58dc661a0da3a4eab0d0191d9668e400b9f1dff6cb13fe23b5d1b00f4b13574071d9073c9229
  languageName: node
  linkType: hard

"@types/react@npm:*, @types/react@npm:^18.2.47":
  version: 18.2.47
  resolution: "@types/react@npm:18.2.47"
  dependencies:
    "@types/prop-types": "*"
    "@types/scheduler": "*"
    csstype: ^3.0.2
  checksum: 49608f07f73374e535b21f99fee28e6cfd5801d887c6ed88c41b4dc701dbcee9f0c4d289d9af7b2b23114f76dbf203ffe2c9191bfb4958cf18dae5a25daedbd0
  languageName: node
  linkType: hard

"@types/scheduler@npm:*":
  version: 0.16.8
  resolution: "@types/scheduler@npm:0.16.8"
  checksum: 6c091b096daa490093bf30dd7947cd28e5b2cd612ec93448432b33f724b162587fed9309a0acc104d97b69b1d49a0f3fc755a62282054d62975d53d7fd13472d
  languageName: node
  linkType: hard

"@types/ws@npm:*":
  version: 8.5.10
  resolution: "@types/ws@npm:8.5.10"
  dependencies:
    "@types/node": "*"
  checksum: 3ec416ea2be24042ebd677932a462cf16d2080393d8d7d0b1b3f5d6eaa4a7387aaf0eefb99193c0bfd29444857cf2e0c3ac89899e130550dc6c14ada8a46d25e
  languageName: node
  linkType: hard

"@walless/tsconfig@npm:^0.0.1":
  version: 0.0.1
  resolution: "@walless/tsconfig@npm:0.0.1"
  checksum: dce26c34a029606915e68e9d4f3774fa6abc7e1f4cb7119ec6f9d37094b1f91a95e361fb7d981041bffeb1453fb7e72700a42366425016809a7aaf0d79ae476b
  languageName: node
  linkType: hard

"bun-types@npm:latest":
  version: 1.0.22
  resolution: "bun-types@npm:1.0.22"
  dependencies:
    "@types/node": "*"
    "@types/ws": "*"
    undici-types: ^5.26.4
  checksum: 7b6ebd16715152ba4f52fff5a0e94ee663602c95b69b0ea6716c262bbc74e146e1ed4565bc4f270368731f7264245ef9e183703c1fc5a262eae6753bcc056436
  languageName: node
  linkType: hard

"csstype@npm:^3.0.2":
  version: 3.1.3
  resolution: "csstype@npm:3.1.3"
  checksum: 8db785cc92d259102725b3c694ec0c823f5619a84741b5c7991b8ad135dfaa66093038a1cc63e03361a6cd28d122be48f2106ae72334e067dd619a51f49eddf7
  languageName: node
  linkType: hard

"js-tokens@npm:^3.0.0 || ^4.0.0":
  version: 4.0.0
  resolution: "js-tokens@npm:4.0.0"
  checksum: 8a95213a5a77deb6cbe94d86340e8d9ace2b93bc367790b260101d2f36a2eaf4e4e22d9fa9cf459b38af3a32fb4190e638024cf82ec95ef708680e405ea7cc78
  languageName: node
  linkType: hard

"le@workspace:.":
  version: 0.0.0-use.local
  resolution: "le@workspace:."
  dependencies:
    "@types/react": ^18.2.47
    "@types/react-dom": ^18.2.18
    "@types/react-reconciler": ^0.28.8
    "@walless/tsconfig": ^0.0.1
    bun-types: latest
    react: ^18.2.0
    react-dom: ^18.2.0
    react-reconciler: ^0.29.0
  peerDependencies:
    typescript: ^5.0.0
  languageName: unknown
  linkType: soft

"loose-envify@npm:^1.1.0":
  version: 1.4.0
  resolution: "loose-envify@npm:1.4.0"
  dependencies:
    js-tokens: ^3.0.0 || ^4.0.0
  bin:
    loose-envify: cli.js
  checksum: 6517e24e0cad87ec9888f500c5b5947032cdfe6ef65e1c1936a0c48a524b81e65542c9c3edc91c97d5bddc806ee2a985dbc79be89215d613b1de5db6d1cfe6f4
  languageName: node
  linkType: hard

"react-dom@npm:^18.2.0":
  version: 18.2.0
  resolution: "react-dom@npm:18.2.0"
  dependencies:
    loose-envify: ^1.1.0
    scheduler: ^0.23.0
  peerDependencies:
    react: ^18.2.0
  checksum: 7d323310bea3a91be2965f9468d552f201b1c27891e45ddc2d6b8f717680c95a75ae0bc1e3f5cf41472446a2589a75aed4483aee8169287909fcd59ad149e8cc
  languageName: node
  linkType: hard

"react-reconciler@npm:^0.29.0":
  version: 0.29.0
  resolution: "react-reconciler@npm:0.29.0"
  dependencies:
    loose-envify: ^1.1.0
    scheduler: ^0.23.0
  peerDependencies:
    react: ^18.2.0
  checksum: 730db9cf451fe6b5102042fda32a029c73ef970f758707d8a0f07e11e9cc262bc973987464d920b519da99f7e20bb1fef1d1c6b05ff993ad12d59d63b004a2ab
  languageName: node
  linkType: hard

"react@npm:^18.2.0":
  version: 18.2.0
  resolution: "react@npm:18.2.0"
  dependencies:
    loose-envify: ^1.1.0
  checksum: 88e38092da8839b830cda6feef2e8505dec8ace60579e46aa5490fc3dc9bba0bd50336507dc166f43e3afc1c42939c09fe33b25fae889d6f402721dcd78fca1b
  languageName: node
  linkType: hard

"scheduler@npm:^0.23.0":
  version: 0.23.0
  resolution: "scheduler@npm:0.23.0"
  dependencies:
    loose-envify: ^1.1.0
  checksum: d79192eeaa12abef860c195ea45d37cbf2bbf5f66e3c4dcd16f54a7da53b17788a70d109ee3d3dde1a0fd50e6a8fc171f4300356c5aee4fc0171de526bf35f8a
  languageName: node
  linkType: hard

"undici-types@npm:^5.26.4":
  version: 5.28.2
  resolution: "undici-types@npm:5.28.2"
  checksum: f27b6f216d51e321b823ba5bc8f41e3ebe1e4b9e713f8dd0991e9a70a7bedd5f7aea06dcfb480d712ab358e9d7bdb1b9ee54095f64f7379bdcdee1f87e43d68e
  languageName: node
  linkType: hard

"undici-types@npm:~5.26.4":
  version: 5.26.5
  resolution: "undici-types@npm:5.26.5"
  checksum: 3192ef6f3fd5df652f2dc1cd782b49d6ff14dc98e5dced492aa8a8c65425227da5da6aafe22523c67f035a272c599bb89cfe803c1db6311e44bed3042fc25487
  languageName: node
  linkType: hard
